{
  "version": "5",
  "specifiers": {
    "jsr:@sigma/deno-compat@0.23.0": "0.23.0",
    "jsr:@sigmasd/dg-plugin-emoji@0.4.0": "0.4.0",
    "jsr:@sigmasd/dg-plugin-prompts@0.1.1": "0.1.1",
    "jsr:@sigmasd/dg-plugin-prompts@0.1.2": "0.1.2",
    "jsr:@sigmasd/dg-plugin-scripts@0.2.0": "0.2.0",
    "jsr:@sigmasd/gtk@0.57.0": "0.57.0",
    "jsr:@std/assert@^1.0.19": "1.0.19",
    "jsr:@std/internal@^1.0.12": "1.0.12",
    "jsr:@std/path@^1.1.4": "1.1.4",
    "npm:@opencode-ai/sdk@*": "1.3.13",
    "npm:@openrouter/sdk@*": "0.10.2",
    "npm:emojilib@^4.0.2": "4.0.2",
    "npm:opencode-ai@*": "1.3.13",
    "npm:zod@*": "4.3.6"
  },
  "jsr": {
    "@sigma/deno-compat@0.23.0": {
      "integrity": "3e116e19096601c3e078311864b653a207592195ae6a3f634a45931eb1a21481"
    },
    "@sigmasd/dg-plugin-emoji@0.4.0": {
      "integrity": "e573f70c78197f849e82626610ac552157d91e9a787cd8320e8391de05331d3f",
      "dependencies": [
        "npm:emojilib"
      ]
    },
    "@sigmasd/dg-plugin-prompts@0.1.1": {
      "integrity": "a5503b433d378c2a9504423566078734002fd18cd60a0221b84eaaaa536fc4b1",
      "dependencies": [
        "jsr:@std/path"
      ]
    },
    "@sigmasd/dg-plugin-prompts@0.1.2": {
      "integrity": "3ad6a3342167b6b3a8f2ecd166265779c7c89c4475952aa22d880d2d7b89ce41",
      "dependencies": [
        "jsr:@std/path"
      ]
    },
    "@sigmasd/dg-plugin-scripts@0.2.0": {
      "integrity": "9d4366a337b6eb3373053009046cb4494a9caca960fa73e7e8fb1c565e52c448",
      "dependencies": [
        "jsr:@std/path"
      ]
    },
    "@sigmasd/gtk@0.57.0": {
      "integrity": "29a358bdc9a4764f0b9d73f2d16c2ad3f2fe258692c4ebbc97a606e93f02b4ba",
      "dependencies": [
        "jsr:@sigma/deno-compat"
      ]
    },
    "@std/assert@1.0.19": {
      "integrity": "eaada96ee120cb980bc47e040f82814d786fe8162ecc53c91d8df60b8755991e",
      "dependencies": [
        "jsr:@std/internal"
      ]
    },
    "@std/internal@1.0.12": {
      "integrity": "972a634fd5bc34b242024402972cd5143eac68d8dffaca5eaa4dba30ce17b027"
    },
    "@std/path@1.1.4": {
      "integrity": "1d2d43f39efb1b42f0b1882a25486647cb851481862dc7313390b2bb044314b5",
      "dependencies": [
        "jsr:@std/internal"
      ]
    }
  },
  "npm": {
    "@opencode-ai/sdk@1.3.13": {
      "integrity": "sha512-/M6HlNnba+xf1EId6qFb2tG0cvq0db3PCQDug1glrf8wYOU57LYNF8WvHX9zoDKPTMv0F+O4pcP/8J+WvDaxHA=="
    },
    "@openrouter/sdk@0.10.2": {
      "integrity": "sha512-od0aWkk+vhndEI78YyPvPgMxv2+32KO4MRrk8lFxro/YABKAHkozXugc+x3YeNf/d9KQaBO6M4Rut1uf+yeD2g==",
      "dependencies": [
        "zod"
      ],
      "scripts": true
    },
    "emojilib@4.0.2": {
      "integrity": "sha512-8sP3sfAi861cNaFFp7RmyKi4S26K34ZKy4si75ojUW627AIVBHhMSu2SFJo3YRoK66YWnbysIbOk/d48uEqtKQ=="
    },
    "opencode-ai@1.3.13": {
      "integrity": "sha512-+FmXiAwCiSNYFkWEBsRWKMpDAGR2KuViVelIH9i3w5s2lltjw84Q4IQybDqzOzwTN/H4g9UgQuf5QzDqsZ1xNw==",
      "optionalDependencies": [
        "opencode-darwin-arm64",
        "opencode-darwin-x64",
        "opencode-darwin-x64-baseline",
        "opencode-linux-arm64",
        "opencode-linux-arm64-musl",
        "opencode-linux-x64",
        "opencode-linux-x64-baseline",
        "opencode-linux-x64-baseline-musl",
        "opencode-linux-x64-musl",
        "opencode-windows-arm64",
        "opencode-windows-x64",
        "opencode-windows-x64-baseline"
      ],
      "scripts": true,
      "bin": true
    },
    "opencode-darwin-arm64@1.3.13": {
      "integrity": "sha512-pZv7qhuMFhtv+pksKXmX2IhlK2QHOQkoJQHByzCEhvDq9JVxIduwB9ADepNJDfcY7tXePrSJCLxIYKFzVjVOzA==",
      "os": ["darwin"],
      "cpu": ["arm64"]
    },
    "opencode-darwin-x64-baseline@1.3.13": {
      "integrity": "sha512-KYAAodKxVoE+MQvl1de8WXfmy0gQtsDLS1XGmro608nlQOheVMOBZfWJbRi51rcjL4cDoF0/k4CQ35uluxsciw==",
      "os": ["darwin"],
      "cpu": ["x64"]
    },
    "opencode-darwin-x64@1.3.13": {
      "integrity": "sha512-BSBSaHwLY8REwW4hVOm9hsihJBJMN559FE0+01I1nwrAg5OM7bPCoDL/PK+xnGkWe6wpbjL7x1hju3BPx3Dk+g==",
      "os": ["darwin"],
      "cpu": ["x64"]
    },
    "opencode-linux-arm64-musl@1.3.13": {
      "integrity": "sha512-prJuZc93GcYxeWs/uz1BuoYGZSQEswJmKoh9nWh55QmCXf+Lb/x1vp2CdtiGzxpb7mj+NJ4QfVOa9Fc0UZMj0Q==",
      "os": ["linux"],
      "cpu": ["arm64"]
    },
    "opencode-linux-arm64@1.3.13": {
      "integrity": "sha512-FalygguOjawwNkZOyyERKsZHC9kU5O05Nf0X9iNCNdeNIYD8oktqB1GfDymedKVLSM3s1wLiY2K2AadwnivRGQ==",
      "os": ["linux"],
      "cpu": ["arm64"]
    },
    "opencode-linux-x64-baseline-musl@1.3.13": {
      "integrity": "sha512-vxKW4tPQH3WKf4eoyNw4bzf503IvfxZ+94PXbvD0TK49Qhkab/W7ibigtTJ/WyC1JllBz7W3RQS6odstgXqUVA==",
      "os": ["linux"],
      "cpu": ["x64"]
    },
    "opencode-linux-x64-baseline@1.3.13": {
      "integrity": "sha512-0F6biOgk9u889ZvckOnrHpSz9b29vqR/kcL1LxQ1t41Erq89uYcNh/RbNJcTJkYPsG30+yu8hHg+eQWvFjxvyw==",
      "os": ["linux"],
      "cpu": ["x64"]
    },
    "opencode-linux-x64-musl@1.3.13": {
      "integrity": "sha512-jk+YSEYje0JfV7xapUX02zkF1N8fHfuH0O9di5S/VP4L4zLHO8uWrEj/4LxiwPWwdUgSATP9pf8WMx/Shn5dZQ==",
      "os": ["linux"],
      "cpu": ["x64"]
    },
    "opencode-linux-x64@1.3.13": {
      "integrity": "sha512-zL+gG/TnevdTgbc6z3RwYXIpaodmdt2IqHF+CAQuf8Ayzx1LF0SvkkiclIEz12kdjlfttjNOxuRFWCJLzQIJIw==",
      "os": ["linux"],
      "cpu": ["x64"]
    },
    "opencode-windows-arm64@1.3.13": {
      "integrity": "sha512-FMDHGS0PQ/rFFEpJccn5jxxk+xwB8uU4iWHNaVCDnw7HtB9qxE2wq7cIkMnrBr3NzeCV4P9O4edbhiSwt7cZsQ==",
      "os": ["win32"],
      "cpu": ["arm64"]
    },
    "opencode-windows-x64-baseline@1.3.13": {
      "integrity": "sha512-6bUttlnruIcTE+iU2MWR5kNtMOa6PIgXx5cyPNCvbbNUzdgo8AB2BWubB7IFn4DG2hy8UxFCW0ICjRv8ic5Tbw==",
      "os": ["win32"],
      "cpu": ["x64"]
    },
    "opencode-windows-x64@1.3.13": {
      "integrity": "sha512-URW1iowKefYTzxKEyD3Kq03HjqVRlwPHAAFiB7qzA17AcWCZFppp+rhOlKz25oxXjugJj53YGd63Shlrjc/oUg==",
      "os": ["win32"],
      "cpu": ["x64"]
    },
    "zod@4.3.6": {
      "integrity": "sha512-rftlrkhHZOcjDwkGlnUtZZkvaPHCsDATp4pGpuOOMDaTdDDXF91wuVDJoWoPsKX/3YPQ5fHuF3STjcYyKr+Qhg=="
    }
  },
  "workspace": {
    "dependencies": [
      "jsr:@sigmasd/gtk@0.57.0",
      "jsr:@std/assert@^1.0.19",
      "jsr:@std/path@^1.1.4",
      "npm:@opencode-ai/sdk@*",
      "npm:@openrouter/sdk@*",
      "npm:zod@*"
    ]
  }
}
