{
  "version": "5",
  "specifiers": {
    "jsr:@sigmasd/dg-plugin-test@*": "0.1.1",
    "jsr:@sigmasd/gtk@0.9.0": "0.9.0",
    "jsr:@std/assert@*": "1.0.16",
    "jsr:@std/assert@^1.0.8": "1.0.16",
    "jsr:@std/internal@^1.0.12": "1.0.12",
    "jsr:@std/path@^1.0.8": "1.1.3"
  },
  "jsr": {
    "@sigmasd/dg-plugin-test@0.1.1": {
      "integrity": "b0bf820d9db5bda7694617ddf33eb2b3241816c4c356cab398d22978685bc22e"
    },
    "@sigmasd/gtk@0.9.0": {
      "integrity": "92dbc1d3384030fa74d5df1775da6f5d9f0905619ba2f00f02a7f25d6a05d07d"
    },
    "@std/assert@1.0.16": {
      "integrity": "6a7272ed1eaa77defe76e5ff63ca705d9c495077e2d5fd0126d2b53fc5bd6532",
      "dependencies": [
        "jsr:@std/internal"
      ]
    },
    "@std/internal@1.0.12": {
      "integrity": "972a634fd5bc34b242024402972cd5143eac68d8dffaca5eaa4dba30ce17b027"
    },
    "@std/path@1.1.3": {
      "integrity": "b015962d82a5e6daea980c32b82d2c40142149639968549c649031a230b1afb3",
      "dependencies": [
        "jsr:@std/internal"
      ]
    }
  },
  "workspace": {
    "dependencies": [
      "jsr:@sigmasd/gtk@0.9.0",
      "jsr:@std/assert@^1.0.8",
      "jsr:@std/path@^1.0.8"
    ]
  }
}
