{
  "version": "5",
  "specifiers": {
    "jsr:@sigma/deno-compat@0.23.0": "0.23.0",
    "jsr:@sigmasd/gtk@0.62.1": "0.62.1",
    "jsr:@std/assert@^1.0.19": "1.0.19",
    "jsr:@std/internal@^1.0.12": "1.0.14",
    "jsr:@std/internal@^1.0.14": "1.0.14",
    "jsr:@std/path@^1.1.4": "1.1.6",
    "npm:@opencode-ai/sdk@1.4.2": "1.4.2",
    "npm:fzf@~0.5.2": "0.5.2"
  },
  "jsr": {
    "@sigma/deno-compat@0.23.0": {
      "integrity": "3e116e19096601c3e078311864b653a207592195ae6a3f634a45931eb1a21481"
    },
    "@sigmasd/gtk@0.62.1": {
      "integrity": "16add11ee271fe55ad73be4447aec6522e11bb7ef2b78cbfcf8123285f057c7d",
      "dependencies": [
        "jsr:@sigma/deno-compat"
      ]
    },
    "@std/assert@1.0.19": {
      "integrity": "eaada96ee120cb980bc47e040f82814d786fe8162ecc53c91d8df60b8755991e",
      "dependencies": [
        "jsr:@std/internal@^1.0.12"
      ]
    },
    "@std/internal@1.0.14": {
      "integrity": "291516b3d4c35024d6ffbc0a9df5bf4c64116e05b50012cf846710152d2ffdf7"
    },
    "@std/path@1.1.6": {
      "integrity": "c68485c2a4dfbb5ae3cc74fae4e8c4e5d874cf8a8ed12927917235c758b46cbe",
      "dependencies": [
        "jsr:@std/internal@^1.0.14"
      ]
    }
  },
  "npm": {
    "@opencode-ai/sdk@1.4.2": {
      "integrity": "sha512-JyF6Uk1zy1gG/EFPigTi3IwabnIDzdfX7NukLzAhABXFP/nSnYCSmMB91F1Cqgr9RURe9hs4ZWRLjWp2ta66JA==",
      "dependencies": [
        "cross-spawn"
      ]
    },
    "cross-spawn@7.0.6": {
      "integrity": "sha512-uV2QOWP2nWzsy2aMp8aRibhi9dlzF5Hgh5SHaB9OiTGEyDTiJJyx0uy51QXdyWbtAHNua4XJzUKca3OzKUd3vA==",
      "dependencies": [
        "path-key",
        "shebang-command",
        "which"
      ]
    },
    "fzf@0.5.2": {
      "integrity": "sha512-Tt4kuxLXFKHy8KT40zwsUPUkg1CrsgY25FxA2U/j/0WgEDCk3ddc/zLTCCcbSHX9FcKtLuVaDGtGE/STWC+j3Q=="
    },
    "isexe@2.0.0": {
      "integrity": "sha512-RHxMLp9lnKHGHRng9QFhRCMbYAcVpn69smSGcq3f36xjgVVWThj4qqLbTLlq7Ssj8B+fIQ1EuCEGI2lKsyQeIw=="
    },
    "path-key@3.1.1": {
      "integrity": "sha512-ojmeN0qd+y0jszEtoY48r0Peq5dwMEkIlCOu6Q5f41lfkswXuKtYrhgoTpLnyIcHm24Uhqx+5Tqm2InSwLhE6Q=="
    },
    "shebang-command@2.0.0": {
      "integrity": "sha512-kHxr2zZpYtdmrN1qDjrrX/Z1rR1kG8Dx+gkpK1G4eXmvXswmcE1hTWBWYUzlraYw1/yZp6YuDY77YtvbN0dmDA==",
      "dependencies": [
        "shebang-regex"
      ]
    },
    "shebang-regex@3.0.0": {
      "integrity": "sha512-7++dFhtcx3353uBaq8DDR4NuxBetBzC7ZQOhmTQInHEd6bSrXdiEyzCvG07Z44UYdLShWUyXt5M/yhz8ekcb1A=="
    },
    "which@2.0.2": {
      "integrity": "sha512-BLI3Tl1TW3Pvl70l3yq3Y64i+awpwXqsGBYWkkqMtnbXgrMD+yj7rhW0kuEDxzJaYXGjEW5ogapKNMEKNMjibA==",
      "dependencies": [
        "isexe"
      ],
      "bin": true
    }
  },
  "workspace": {
    "dependencies": [
      "jsr:@sigmasd/gtk@0.62.1",
      "jsr:@std/assert@^1.0.19",
      "jsr:@std/fs@1.0.23",
      "jsr:@std/path@^1.1.4",
      "npm:@opencode-ai/sdk@1.4.2",
      "npm:fzf@~0.5.2"
    ]
  }
}
